
Microsoft Visual Studio Solution File, Format Version 12.00
# Visual Studio Version 17
VisualStudioVersion = 17.10.35027.167
MinimumVisualStudioVersion = 10.0.40219.1
Project("{9A19103F-16F7-4668-BE54-9A1E7A4F7556}") = "CodeTest.ThunderWings.API", "CodeTest.ThunderWings.API\CodeTest.ThunderWings.API.csproj", "{23ACB345-DCFB-493A-A181-46EB3423A80C}"
EndProject
Project("{9A19103F-16F7-4668-BE54-9A1E7A4F7556}") = "CodeTest.ThunderWings.Data", "CodeTest.ThunderWings.Data\CodeTest.ThunderWings.Data.csproj", "{1976CB97-469E-44F1-89EF-8179ABC9B075}"
EndProject
Project("{2150E333-8FDC-42A3-9474-1A3956D46DE8}") = "Solution Items", "Solution Items", "{CD80B141-CEB7-4DF9-9285-6CF262F0A582}"
	ProjectSection(SolutionItems) = preProject
		..\README.md = ..\README.md
	EndProjectSection
EndProject
Project("{2150E333-8FDC-42A3-9474-1A3956D46DE8}") = "Original", "Original", "{49B49EED-069B-40A7-9E55-7A76935CCEA1}"
	ProjectSection(SolutionItems) = preProject
		..\Original\Aircraft.json = ..\Original\Aircraft.json
		..\Original\Thunder Wings Coding Challenge - Love Energy Savings.pdf = ..\Original\Thunder Wings Coding Challenge - Love Energy Savings.pdf
	EndProjectSection
EndProject
Project("{9A19103F-16F7-4668-BE54-9A1E7A4F7556}") = "CodeTest.ThunderWings.Data.Tests", "CodeTest.ThunderWings.Data.Tests\CodeTest.ThunderWings.Data.Tests.csproj", "{FA3DA320-50FB-493C-BE04-923FC699F41E}"
EndProject
Global
	GlobalSection(SolutionConfigurationPlatforms) = preSolution
		Debug|Any CPU = Debug|Any CPU
		Release|Any CPU = Release|Any CPU
	EndGlobalSection
	GlobalSection(ProjectConfigurationPlatforms) = postSolution
		{23ACB345-DCFB-493A-A181-46EB3423A80C}.Debug|Any CPU.ActiveCfg = Debug|Any CPU
		{23ACB345-DCFB-493A-A181-46EB3423A80C}.Debug|Any CPU.Build.0 = Debug|Any CPU
		{23ACB345-DCFB-493A-A181-46EB3423A80C}.Release|Any CPU.ActiveCfg = Release|Any CPU
		{23ACB345-DCFB-493A-A181-46EB3423A80C}.Release|Any CPU.Build.0 = Release|Any CPU
		{1976CB97-469E-44F1-89EF-8179ABC9B075}.Debug|Any CPU.ActiveCfg = Debug|Any CPU
		{1976CB97-469E-44F1-89EF-8179ABC9B075}.Debug|Any CPU.Build.0 = Debug|Any CPU
		{1976CB97-469E-44F1-89EF-8179ABC9B075}.Release|Any CPU.ActiveCfg = Release|Any CPU
		{1976CB97-469E-44F1-89EF-8179ABC9B075}.Release|Any CPU.Build.0 = Release|Any CPU
		{FA3DA320-50FB-493C-BE04-923FC699F41E}.Debug|Any CPU.ActiveCfg = Debug|Any CPU
		{FA3DA320-50FB-493C-BE04-923FC699F41E}.Debug|Any CPU.Build.0 = Debug|Any CPU
		{FA3DA320-50FB-493C-BE04-923FC699F41E}.Release|Any CPU.ActiveCfg = Release|Any CPU
		{FA3DA320-50FB-493C-BE04-923FC699F41E}.Release|Any CPU.Build.0 = Release|Any CPU
	EndGlobalSection
	GlobalSection(SolutionProperties) = preSolution
		HideSolutionNode = FALSE
	EndGlobalSection
	GlobalSection(NestedProjects) = preSolution
		{49B49EED-069B-40A7-9E55-7A76935CCEA1} = {CD80B141-CEB7-4DF9-9285-6CF262F0A582}
	EndGlobalSection
	GlobalSection(ExtensibilityGlobals) = postSolution
		SolutionGuid = {AF62A01D-C8E0-4F72-A721-734BB14DEB76}
	EndGlobalSection
EndGlobal
